
Microsoft Visual Studio Solution File, Format Version 12.00
# Visual Studio Version 16
VisualStudioVersion = 25.0.1706.4
MinimumVisualStudioVersion = 10.0.40219.1
Project("{FAE04EC0-301F-11D3-BF4B-00C04F79EFBC}") = "MmReddit", "MmReddit.csproj", "{31C4E5EE-E439-4383-82AF-FAF539AC5682}"
EndProject
Global
	GlobalSection(SolutionConfigurationPlatforms) = preSolution
		Debug|Any CPU = Debug|Any CPU
		Release|Any CPU = Release|Any CPU
	EndGlobalSection
	GlobalSection(ProjectConfigurationPlatforms) = postSolution
		{31C4E5EE-E439-4383-82AF-FAF539AC5682}.Debug|Any CPU.ActiveCfg = Debug|Any CPU
		{31C4E5EE-E439-4383-82AF-FAF539AC5682}.Debug|Any CPU.Build.0 = Debug|Any CPU
		{31C4E5EE-E439-4383-82AF-FAF539AC5682}.Release|Any CPU.ActiveCfg = Release|Any CPU
		{31C4E5EE-E439-4383-82AF-FAF539AC5682}.Release|Any CPU.Build.0 = Release|Any CPU
	EndGlobalSection
	GlobalSection(SolutionProperties) = preSolution
		HideSolutionNode = FALSE
	EndGlobalSection
	GlobalSection(ExtensibilityGlobals) = postSolution
		SolutionGuid = {7232843E-5D5D-4BAF-8733-53028DA190C7}
	EndGlobalSection
EndGlobal
