
Microsoft Visual Studio Solution File, Format Version 12.00
# Visual Studio Version 16
VisualStudioVersion = 25.0.1706.4
MinimumVisualStudioVersion = 10.0.40219.1
Project("{FAE04EC0-301F-11D3-BF4B-00C04F79EFBC}") = "Reddit2.0", "Reddit2.0.csproj", "{BFF0E509-9F62-44B0-8B34-94E8A60512E6}"
EndProject
Global
	GlobalSection(SolutionConfigurationPlatforms) = preSolution
		Debug|Any CPU = Debug|Any CPU
		Release|Any CPU = Release|Any CPU
	EndGlobalSection
	GlobalSection(ProjectConfigurationPlatforms) = postSolution
		{BFF0E509-9F62-44B0-8B34-94E8A60512E6}.Debug|Any CPU.ActiveCfg = Debug|Any CPU
		{BFF0E509-9F62-44B0-8B34-94E8A60512E6}.Debug|Any CPU.Build.0 = Debug|Any CPU
		{BFF0E509-9F62-44B0-8B34-94E8A60512E6}.Release|Any CPU.ActiveCfg = Release|Any CPU
		{BFF0E509-9F62-44B0-8B34-94E8A60512E6}.Release|Any CPU.Build.0 = Release|Any CPU
	EndGlobalSection
	GlobalSection(SolutionProperties) = preSolution
		HideSolutionNode = FALSE
	EndGlobalSection
	GlobalSection(ExtensibilityGlobals) = postSolution
		SolutionGuid = {993ED01B-AB9C-458C-A263-A5D0F2CFC47C}
	EndGlobalSection
EndGlobal
